
Microsoft Visual Studio Solution File, Format Version 12.00
# Visual Studio 2015
Project("{FAE04EC0-301F-11D3-BF4B-00C04F79EFBC}") = "Twin Stick Demo", "Twin Stick Demo.csproj", "{B1F96D5E-8D28-8E32-8419-48D45C3B5542}"
EndProject
Project("{FAE04EC0-301F-11D3-BF4B-00C04F79EFBC}") = "Twin Stick Demo.Plugins", "Twin Stick Demo.Plugins.csproj", "{AD1F1D1E-2937-6764-88C7-7BDA7056654A}"
EndProject
Project("{FAE04EC0-301F-11D3-BF4B-00C04F79EFBC}") = "Twin Stick Demo.Editor.Plugins", "Twin Stick Demo.Editor.Plugins.csproj", "{FF8D0F25-56E9-7D4D-FC8E-58540EC1DD98}"
EndProject
Global
	GlobalSection(SolutionConfigurationPlatforms) = preSolution
		Debug|Any CPU = Debug|Any CPU
		Release|Any CPU = Release|Any CPU
	EndGlobalSection
	GlobalSection(ProjectConfigurationPlatforms) = postSolution
		{B1F96D5E-8D28-8E32-8419-48D45C3B5542}.Debug|Any CPU.ActiveCfg = Debug|Any CPU
		{B1F96D5E-8D28-8E32-8419-48D45C3B5542}.Debug|Any CPU.Build.0 = Debug|Any CPU
		{B1F96D5E-8D28-8E32-8419-48D45C3B5542}.Release|Any CPU.ActiveCfg = Release|Any CPU
		{B1F96D5E-8D28-8E32-8419-48D45C3B5542}.Release|Any CPU.Build.0 = Release|Any CPU
		{AD1F1D1E-2937-6764-88C7-7BDA7056654A}.Debug|Any CPU.ActiveCfg = Debug|Any CPU
		{AD1F1D1E-2937-6764-88C7-7BDA7056654A}.Debug|Any CPU.Build.0 = Debug|Any CPU
		{AD1F1D1E-2937-6764-88C7-7BDA7056654A}.Release|Any CPU.ActiveCfg = Release|Any CPU
		{AD1F1D1E-2937-6764-88C7-7BDA7056654A}.Release|Any CPU.Build.0 = Release|Any CPU
		{FF8D0F25-56E9-7D4D-FC8E-58540EC1DD98}.Debug|Any CPU.ActiveCfg = Debug|Any CPU
		{FF8D0F25-56E9-7D4D-FC8E-58540EC1DD98}.Debug|Any CPU.Build.0 = Debug|Any CPU
		{FF8D0F25-56E9-7D4D-FC8E-58540EC1DD98}.Release|Any CPU.ActiveCfg = Release|Any CPU
		{FF8D0F25-56E9-7D4D-FC8E-58540EC1DD98}.Release|Any CPU.Build.0 = Release|Any CPU
	EndGlobalSection
	GlobalSection(SolutionProperties) = preSolution
		HideSolutionNode = FALSE
	EndGlobalSection
EndGlobal
